
Microsoft Visual Studio Solution File, Format Version 12.00
# Visual Studio Version 17
VisualStudioVersion = 17.1.32328.378
MinimumVisualStudioVersion = 10.0.40219.1
Project("{FAE04EC0-301F-11D3-BF4B-00C04F79EFBC}") = "ChartsServer", "ChartsServer\ChartsServer.csproj", "{8C3C9F80-2878-4C33-A6E8-097D7FBCCEDA}"
EndProject
Global
	GlobalSection(SolutionConfigurationPlatforms) = preSolution
		Debug|Any CPU = Debug|Any CPU
		Release|Any CPU = Release|Any CPU
	EndGlobalSection
	GlobalSection(ProjectConfigurationPlatforms) = postSolution
		{8C3C9F80-2878-4C33-A6E8-097D7FBCCEDA}.Debug|Any CPU.ActiveCfg = Debug|Any CPU
		{8C3C9F80-2878-4C33-A6E8-097D7FBCCEDA}.Debug|Any CPU.Build.0 = Debug|Any CPU
		{8C3C9F80-2878-4C33-A6E8-097D7FBCCEDA}.Release|Any CPU.ActiveCfg = Release|Any CPU
		{8C3C9F80-2878-4C33-A6E8-097D7FBCCEDA}.Release|Any CPU.Build.0 = Release|Any CPU
	EndGlobalSection
	GlobalSection(SolutionProperties) = preSolution
		HideSolutionNode = FALSE
	EndGlobalSection
	GlobalSection(ExtensibilityGlobals) = postSolution
		SolutionGuid = {97A3D5E7-6830-4167-9C29-B8D77BD16253}
	EndGlobalSection
EndGlobal
